// !$*UTF8*$!
{
	archiveVersion = 1;
	classes = {
	};
	objectVersion = 46;
	objects = {

/* Begin PBXBuildFile section */
		6167213715188D4500550F9C /* UIKit.framework in Frameworks */ = {isa = PBXBuildFile; fileRef = 6167213615188D4500550F9C /* UIKit.framework */; };
		6167213915188D4500550F9C /* Foundation.framework in Frameworks */ = {isa = PBXBuildFile; fileRef = 6167213815188D4500550F9C /* Foundation.framework */; };
		6167213B15188D4500550F9C /* CoreGraphics.framework in Frameworks */ = {isa = PBXBuildFile; fileRef = 6167213A15188D4500550F9C /* CoreGraphics.framework */; };
		6167214115188D4500550F9C /* InfoPlist.strings in Resources */ = {isa = PBXBuildFile; fileRef = 6167213F15188D4500550F9C /* InfoPlist.strings */; };
		6167214315188D4500550F9C /* main.m in Sources */ = {isa = PBXBuildFile; fileRef = 6167214215188D4500550F9C /* main.m */; };
		6167214715188D4500550F9C /* AppDelegate.m in Sources */ = {isa = PBXBuildFile; fileRef = 6167214615188D4500550F9C /* AppDelegate.m */; };
		6167214A15188D4500550F9C /* MainStoryboard.storyboard in Resources */ = {isa = PBXBuildFile; fileRef = 6167214815188D4500550F9C /* MainStoryboard.storyboard */; };
		6167214D15188D4500550F9C /* ViewController.m in Sources */ = {isa = PBXBuildFile; fileRef = 6167214C15188D4500550F9C /* ViewController.m */; };
		6167215515188D6F00550F9C /* Connection.m in Sources */ = {isa = PBXBuildFile; fileRef = 6167215415188D6F00550F9C /* Connection.m */; };
/* End PBXBuildFile section */

/* Begin PBXFileReference section */
		6167213215188D4500550F9C /* ContestBot.app */ = {isa = PBXFileReference; explicitFileType = wrapper.application; includeInIndex = 0; path = ContestBot.app; sourceTree = BUILT_PRODUCTS_DIR; };
		6167213615188D4500550F9C /* UIKit.framework */ = {isa = PBXFileReference; lastKnownFileType = wrapper.framework; name = UIKit.framework; path = System/Library/Frameworks/UIKit.framework; sourceTree = SDKROOT; };
		6167213815188D4500550F9C /* Foundation.framework */ = {isa = PBXFileReference; lastKnownFileType = wrapper.framework; name = Foundation.framework; path = System/Library/Frameworks/Foundation.framework; sourceTree = SDKROOT; };
		6167213A15188D4500550F9C /* CoreGraphics.framework */ = {isa = PBXFileReference; lastKnownFileType = wrapper.framework; name = CoreGraphics.framework; path = System/Library/Frameworks/CoreGraphics.framework; sourceTree = SDKROOT; };
		6167213E15188D4500550F9C /* ContestBot-Info.plist */ = {isa = PBXFileReference; lastKnownFileType = text.plist.xml; path = "ContestBot-Info.plist"; sourceTree = "<group>"; };
		6167214015188D4500550F9C /* en */ = {isa = PBXFileReference; lastKnownFileType = text.plist.strings; name = en; path = en.lproj/InfoPlist.strings; sourceTree = "<group>"; };
		6167214215188D4500550F9C /* main.m */ = {isa = PBXFileReference; lastKnownFileType = sourcecode.c.objc; path = main.m; sourceTree = "<group>"; };
		6167214415188D4500550F9C /* ContestBot-Prefix.pch */ = {isa = PBXFileReference; lastKnownFileType = sourcecode.c.h; path = "ContestBot-Prefix.pch"; sourceTree = "<group>"; };
		6167214515188D4500550F9C /* AppDelegate.h */ = {isa = PBXFileReference; lastKnownFileType = sourcecode.c.h; path = AppDelegate.h; sourceTree = "<group>"; };
		6167214615188D4500550F9C /* AppDelegate.m */ = {isa = PBXFileReference; lastKnownFileType = sourcecode.c.objc; path = AppDelegate.m; sourceTree = "<group>"; };
		6167214915188D4500550F9C /* en */ = {isa = PBXFileReference; lastKnownFileType = file.storyboard; name = en; path = en.lproj/MainStoryboard.storyboard; sourceTree = "<group>"; };
		6167214B15188D4500550F9C /* ViewController.h */ = {isa = PBXFileReference; lastKnownFileType = sourcecode.c.h; path = ViewController.h; sourceTree = "<group>"; };
		6167214C15188D4500550F9C /* ViewController.m */ = {isa = PBXFileReference; lastKnownFileType = sourcecode.c.objc; path = ViewController.m; sourceTree = "<group>"; };
		6167215315188D6F00550F9C /* Connection.h */ = {isa = PBXFileReference; fileEncoding = 4; lastKnownFileType = sourcecode.c.h; path = Connection.h; sourceTree = "<group>"; };
		6167215415188D6F00550F9C /* Connection.m */ = {isa = PBXFileReference; fileEncoding = 4; lastKnownFileType = sourcecode.c.objc; path = Connection.m; sourceTree = "<group>"; };
/* End PBXFileReference section */

/* Begin PBXFrameworksBuildPhase section */
		6167212F15188D4500550F9C /* Frameworks */ = {
			isa = PBXFrameworksBuildPhase;
			buildActionMask = 2147483647;
			files = (
				6167213715188D4500550F9C /* UIKit.framework in Frameworks */,
				6167213915188D4500550F9C /* Foundation.framework in Frameworks */,
				6167213B15188D4500550F9C /* CoreGraphics.framework in Frameworks */,
			);
			runOnlyForDeploymentPostprocessing = 0;
		};
/* End PBXFrameworksBuildPhase section */

/* Begin PBXGroup section */
		6167212715188D4500550F9C = {
			isa = PBXGroup;
			children = (
				6167213C15188D4500550F9C /* ContestBot */,
				6167213515188D4500550F9C /* Frameworks */,
				6167213315188D4500550F9C /* Products */,
			);
			sourceTree = "<group>";
		};
		6167213315188D4500550F9C /* Products */ = {
			isa = PBXGroup;
			children = (
				6167213215188D4500550F9C /* ContestBot.app */,
			);
			name = Products;
			sourceTree = "<group>";
		};
		6167213515188D4500550F9C /* Frameworks */ = {
			isa = PBXGroup;
			children = (
				6167213615188D4500550F9C /* UIKit.framework */,
				6167213815188D4500550F9C /* Foundation.framework */,
				6167213A15188D4500550F9C /* CoreGraphics.framework */,
			);
			name = Frameworks;
			sourceTree = "<group>";
		};
		6167213C15188D4500550F9C /* ContestBot */ = {
			isa = PBXGroup;
			children = (
				6167214515188D4500550F9C /* AppDelegate.h */,
				6167214615188D4500550F9C /* AppDelegate.m */,
				6167214815188D4500550F9C /* MainStoryboard.storyboard */,
				6167214B15188D4500550F9C /* ViewController.h */,
				6167214C15188D4500550F9C /* ViewController.m */,
				6167213D15188D4500550F9C /* Supporting Files */,
				6167215315188D6F00550F9C /* Connection.h */,
				6167215415188D6F00550F9C /* Connection.m */,
			);
			path = ContestBot;
			sourceTree = "<group>";
		};
		6167213D15188D4500550F9C /* Supporting Files */ = {
			isa = PBXGroup;
			children = (
				6167213E15188D4500550F9C /* ContestBot-Info.plist */,
				6167213F15188D4500550F9C /* InfoPlist.strings */,
				6167214215188D4500550F9C /* main.m */,
				6167214415188D4500550F9C /* ContestBot-Prefix.pch */,
			);
			name = "Supporting Files";
			sourceTree = "<group>";
		};
/* End PBXGroup section */

/* Begin PBXNativeTarget section */
		6167213115188D4500550F9C /* ContestBot */ = {
			isa = PBXNativeTarget;
			buildConfigurationList = 6167215015188D4500550F9C /* Build configuration list for PBXNativeTarget "ContestBot" */;
			buildPhases = (
				6167212E15188D4500550F9C /* Sources */,
				6167212F15188D4500550F9C /* Frameworks */,
				6167213015188D4500550F9C /* Resources */,
			);
			buildRules = (
			);
			dependencies = (
			);
			name = ContestBot;
			productName = ContestBot;
			productReference = 6167213215188D4500550F9C /* ContestBot.app */;
			productType = "com.apple.product-type.application";
		};
/* End PBXNativeTarget section */

/* Begin PBXProject section */
		6167212915188D4500550F9C /* Project object */ = {
			isa = PBXProject;
			attributes = {
				LastUpgradeCheck = 0430;
			};
			buildConfigurationList = 6167212C15188D4500550F9C /* Build configuration list for PBXProject "ContestBot" */;
			compatibilityVersion = "Xcode 3.2";
			developmentRegion = English;
			hasScannedForEncodings = 0;
			knownRegions = (
				en,
			);
			mainGroup = 6167212715188D4500550F9C;
			productRefGroup = 6167213315188D4500550F9C /* Products */;
			projectDirPath = "";
			projectRoot = "";
			targets = (
				6167213115188D4500550F9C /* ContestBot */,
			);
		};
/* End PBXProject section */

/* Begin PBXResourcesBuildPhase section */
		6167213015188D4500550F9C /* Resources */ = {
			isa = PBXResourcesBuildPhase;
			buildActionMask = 2147483647;
			files = (
				6167214115188D4500550F9C /* InfoPlist.strings in Resources */,
				6167214A15188D4500550F9C /* MainStoryboard.storyboard in Resources */,
			);
			runOnlyForDeploymentPostprocessing = 0;
		};
/* End PBXResourcesBuildPhase section */

/* Begin PBXSourcesBuildPhase section */
		6167212E15188D4500550F9C /* Sources */ = {
			isa = PBXSourcesBuildPhase;
			buildActionMask = 2147483647;
			files = (
				6167214315188D4500550F9C /* main.m in Sources */,
				6167214715188D4500550F9C /* AppDelegate.m in Sources */,
				6167214D15188D4500550F9C /* ViewController.m in Sources */,
				6167215515188D6F00550F9C /* Connection.m in Sources */,
			);
			runOnlyForDeploymentPostprocessing = 0;
		};
/* End PBXSourcesBuildPhase section */

/* Begin PBXVariantGroup section */
		6167213F15188D4500550F9C /* InfoPlist.strings */ = {
			isa = PBXVariantGroup;
			children = (
				6167214015188D4500550F9C /* en */,
			);
			name = InfoPlist.strings;
			sourceTree = "<group>";
		};
		6167214815188D4500550F9C /* MainStoryboard.storyboard */ = {
			isa = PBXVariantGroup;
			children = (
				6167214915188D4500550F9C /* en */,
			);
			name = MainStoryboard.storyboard;
			sourceTree = "<group>";
		};
/* End PBXVariantGroup section */

/* Begin XCBuildConfiguration section */
		6167214E15188D4500550F9C /* Debug */ = {
			isa = XCBuildConfiguration;
			buildSettings = {
				ALWAYS_SEARCH_USER_PATHS = NO;
				ARCHS = "$(ARCHS_STANDARD_32_BIT)";
				CLANG_ENABLE_OBJC_ARC = YES;
				"CODE_SIGN_IDENTITY[sdk=iphoneos*]" = "iPhone Developer";
				COPY_PHASE_STRIP = NO;
				GCC_C_LANGUAGE_STANDARD = gnu99;
				GCC_DYNAMIC_NO_PIC = NO;
				GCC_OPTIMIZATION_LEVEL = 0;
				GCC_PREPROCESSOR_DEFINITIONS = (
					"DEBUG=1",
					"$(inherited)",
				);
				GCC_SYMBOLS_PRIVATE_EXTERN = NO;
				GCC_VERSION = com.apple.compilers.llvm.clang.1_0;
				GCC_WARN_ABOUT_RETURN_TYPE = YES;
				GCC_WARN_UNINITIALIZED_AUTOS = YES;
				GCC_WARN_UNUSED_VARIABLE = YES;
				IPHONEOS_DEPLOYMENT_TARGET = 5.1;
				SDKROOT = iphoneos;
			};
			name = Debug;
		};
		6167214F15188D4500550F9C /* Release */ = {
			isa = XCBuildConfiguration;
			buildSettings = {
				ALWAYS_SEARCH_USER_PATHS = NO;
				ARCHS = "$(ARCHS_STANDARD_32_BIT)";
				CLANG_ENABLE_OBJC_ARC = YES;
				"CODE_SIGN_IDENTITY[sdk=iphoneos*]" = "iPhone Developer";
				COPY_PHASE_STRIP = YES;
				GCC_C_LANGUAGE_STANDARD = gnu99;
				GCC_VERSION = com.apple.compilers.llvm.clang.1_0;
				GCC_WARN_ABOUT_RETURN_TYPE = YES;
				GCC_WARN_UNINITIALIZED_AUTOS = YES;
				GCC_WARN_UNUSED_VARIABLE = YES;
				IPHONEOS_DEPLOYMENT_TARGET = 5.1;
				OTHER_CFLAGS = "-DNS_BLOCK_ASSERTIONS=1";
				SDKROOT = iphoneos;
				VALIDATE_PRODUCT = YES;
			};
			name = Release;
		};
		6167215115188D4500550F9C /* Debug */ = {
			isa = XCBuildConfiguration;
			buildSettings = {
				GCC_PRECOMPILE_PREFIX_HEADER = YES;
				GCC_PREFIX_HEADER = "ContestBot/ContestBot-Prefix.pch";
				INFOPLIST_FILE = "ContestBot/ContestBot-Info.plist";
				PRODUCT_NAME = "$(TARGET_NAME)";
				WRAPPER_EXTENSION = app;
			};
			name = Debug;
		};
		6167215215188D4500550F9C /* Release */ = {
			isa = XCBuildConfiguration;
			buildSettings = {
				GCC_PRECOMPILE_PREFIX_HEADER = YES;
				GCC_PREFIX_HEADER = "ContestBot/ContestBot-Prefix.pch";
				INFOPLIST_FILE = "ContestBot/ContestBot-Info.plist";
				PRODUCT_NAME = "$(TARGET_NAME)";
				WRAPPER_EXTENSION = app;
			};
			name = Release;
		};
/* End XCBuildConfiguration section */

/* Begin XCConfigurationList section */
		6167212C15188D4500550F9C /* Build configuration list for PBXProject "ContestBot" */ = {
			isa = XCConfigurationList;
			buildConfigurations = (
				6167214E15188D4500550F9C /* Debug */,
				6167214F15188D4500550F9C /* Release */,
			);
			defaultConfigurationIsVisible = 0;
			defaultConfigurationName = Release;
		};
		6167215015188D4500550F9C /* Build configuration list for PBXNativeTarget "ContestBot" */ = {
			isa = XCConfigurationList;
			buildConfigurations = (
				6167215115188D4500550F9C /* Debug */,
				6167215215188D4500550F9C /* Release */,
			);
			defaultConfigurationIsVisible = 0;
		};
/* End XCConfigurationList section */
	};
	rootObject = 6167212915188D4500550F9C /* Project object */;
}
